<?xml version="1.0" encoding="utf-8"?>
<Project ToolsVersion="4.0" xmlns="http://schemas.microsoft.com/developer/msbuild/2003">
  <ItemGroup>
    <Filter Include="ソース ファイル">
      <UniqueIdentifier>{4FC737F1-C7A5-4376-A066-2A32D752A2FF}</UniqueIdentifier>
      <Extensions>cpp;c;cc;cxx;c++;cppm;ixx;def;odl;idl;hpj;bat;asm;asmx</Extensions>
    </Filter>
    <Filter Include="ヘッダー ファイル">
      <UniqueIdentifier>{93995380-89BD-4b04-88EB-625FBE52EBFB}</UniqueIdentifier>
      <Extensions>h;hh;hpp;hxx;h++;hm;inl;inc;ipp;xsd</Extensions>
    </Filter>
    <Filter Include="リソース ファイル">
      <UniqueIdentifier>{67DA6AB6-F800-4c08-8B7A-83BB121AAD01}</UniqueIdentifier>
      <Extensions>rc;ico;cur;bmp;dlg;rc2;rct;bin;rgs;gif;jpg;jpeg;jpe;resx;tiff;tif;png;wav;mfcribbon-ms</Extensions>
    </Filter>
    <Filter Include="imgui">
      <UniqueIdentifier>{ddf6894a-bbbb-444a-9fbb-ceb6ecf5d8ab}</UniqueIdentifier>
    </Filter>
    <Filter Include="3DModel">
      <UniqueIdentifier>{466bad64-9ecf-4970-b2aa-09460b83b772}</UniqueIdentifier>
    </Filter>
    <Filter Include="GameScene">
      <UniqueIdentifier>{a5680743-048d-4d6d-be15-674d1dbaf249}</UniqueIdentifier>
    </Filter>
    <Filter Include="Particle">
      <UniqueIdentifier>{5b1a87c9-3c86-4ba6-a5ec-5edea41c4ae3}</UniqueIdentifier>
    </Filter>
    <Filter Include="Texture">
      <UniqueIdentifier>{2f57b39f-ad77-47cc-a379-35737c3781f2}</UniqueIdentifier>
    </Filter>
    <Filter Include="Sprite">
      <UniqueIdentifier>{4f96405b-e741-4b2d-a906-c6deca9b03f9}</UniqueIdentifier>
    </Filter>
    <Filter Include="BaseDirectx">
      <UniqueIdentifier>{0ebdf476-7d42-4a3f-b421-7f3126d21af9}</UniqueIdentifier>
    </Filter>
    <Filter Include="Sound">
      <UniqueIdentifier>{de4aa46d-f4fb-4bc0-8cb2-e4e508e71808}</UniqueIdentifier>
    </Filter>
    <Filter Include="Camera">
      <UniqueIdentifier>{bd98f04e-0b12-49dc-b1df-b2fa29f616b3}</UniqueIdentifier>
    </Filter>
    <Filter Include="Shader">
      <UniqueIdentifier>{f69d0092-efa2-4e68-a079-6e8094f66914}</UniqueIdentifier>
    </Filter>
    <Filter Include="Light">
      <UniqueIdentifier>{77d9c602-f10b-4bf4-b3b2-185887a64e0d}</UniqueIdentifier>
    </Filter>
    <Filter Include="RenderTarget">
      <UniqueIdentifier>{bf3aee4f-016b-4de7-b522-ee19823e25ee}</UniqueIdentifier>
    </Filter>
    <Filter Include="PostEffect">
      <UniqueIdentifier>{0e8de67c-36b1-49b0-bb39-f1eb30b4e887}</UniqueIdentifier>
    </Filter>
    <Filter Include="FbxLoader">
      <UniqueIdentifier>{f80cfa74-20f5-4917-b266-eb409b21c011}</UniqueIdentifier>
    </Filter>
    <Filter Include="FBXModel">
      <UniqueIdentifier>{53b5380a-6f78-4a4d-8eaa-cd2f224333d0}</UniqueIdentifier>
    </Filter>
    <Filter Include="FBXObject">
      <UniqueIdentifier>{42f49b83-7441-4844-91b1-7edbc86de1d2}</UniqueIdentifier>
    </Filter>
    <Filter Include="Udp">
      <UniqueIdentifier>{b2353c99-8890-443e-8f79-5250e75bba10}</UniqueIdentifier>
    </Filter>
    <Filter Include="WaterFace">
      <UniqueIdentifier>{d6a1824b-bac7-4497-a1df-f5f0e63fd461}</UniqueIdentifier>
    </Filter>
    <Filter Include="LoadStage">
      <UniqueIdentifier>{cd77b0a7-98ac-47a4-a623-bcf63bd071ed}</UniqueIdentifier>
    </Filter>
    <Filter Include="Player">
      <UniqueIdentifier>{74a57aab-5887-47e5-9222-e0f14eb613e1}</UniqueIdentifier>
    </Filter>
    <Filter Include="MapLayout">
      <UniqueIdentifier>{cd51c417-338f-4f40-88e5-d9836210c0fb}</UniqueIdentifier>
    </Filter>
    <Filter Include="WindowsAPI">
      <UniqueIdentifier>{da3fb8e3-7de6-4751-ae27-b941f074357a}</UniqueIdentifier>
    </Filter>
    <Filter Include="MenuUI">
      <UniqueIdentifier>{7aa4f817-ce57-4df5-9bef-ef49e98dad5b}</UniqueIdentifier>
    </Filter>
  </ItemGroup>
  <ItemGroup>
    <ClInclude Include="Scripts\3DModel\Model.h">
      <Filter>3DModel</Filter>
    </ClInclude>
    <ClInclude Include="Scripts\BaseDirectX\BaseDirectX.h">
      <Filter>BaseDirectx</Filter>
    </ClInclude>
    <ClInclude Include="Scripts\BaseDirectX\DirectInput.h">
      <Filter>BaseDirectx</Filter>
    </ClInclude>
    <ClInclude Include="Scripts\BaseDirectX\dirent.h">
      <Filter>BaseDirectx</Filter>
    </ClInclude>
    <ClInclude Include="Scripts\BaseDirectX\DX12operator.h">
      <Filter>BaseDirectx</Filter>
    </ClInclude>
    <ClInclude Include="Scripts\BaseDirectX\Input.h">
      <Filter>BaseDirectx</Filter>
    </ClInclude>
    <ClInclude Include="Scripts\BaseDirectX\Library.h">
      <Filter>BaseDirectx</Filter>
    </ClInclude>
    <ClInclude Include="Scripts\BaseDirectX\ResouceBarrier.h">
      <Filter>BaseDirectx</Filter>
    </ClInclude>
    <ClInclude Include="Scripts\BaseDirectX\viewport.h">
      <Filter>BaseDirectx</Filter>
    </ClInclude>
    <ClInclude Include="Scripts\Camera\Camera.h">
      <Filter>Camera</Filter>
    </ClInclude>
    <ClInclude Include="Scripts\FbxLoader\FbxLoader.h">
      <Filter>FbxLoader</Filter>
    </ClInclude>
    <ClInclude Include="Scripts\FBXModel\FBXModel.h">
      <Filter>FBXModel</Filter>
    </ClInclude>
    <ClInclude Include="Scripts\FBXObject\FBXObject.h">
      <Filter>FBXObject</Filter>
    </ClInclude>
    <ClInclude Include="Scripts\BaseDirectX\GameScene.h">
      <Filter>GameScene</Filter>
    </ClInclude>
    <ClInclude Include="Scripts\imgui\imconfig.h">
      <Filter>imgui</Filter>
    </ClInclude>
    <ClInclude Include="Scripts\imgui\imgui.h">
      <Filter>imgui</Filter>
    </ClInclude>
    <ClInclude Include="Scripts\imgui\imgui_impl_dx12.h">
      <Filter>imgui</Filter>
    </ClInclude>
    <ClInclude Include="Scripts\imgui\imgui_impl_win32.h">
      <Filter>imgui</Filter>
    </ClInclude>
    <ClInclude Include="Scripts\imgui\imgui_internal.h">
      <Filter>imgui</Filter>
    </ClInclude>
    <ClInclude Include="Scripts\imgui\ImguiControl.h">
      <Filter>imgui</Filter>
    </ClInclude>
    <ClInclude Include="Scripts\imgui\imstb_rectpack.h">
      <Filter>imgui</Filter>
    </ClInclude>
    <ClInclude Include="Scripts\imgui\imstb_textedit.h">
      <Filter>imgui</Filter>
    </ClInclude>
    <ClInclude Include="Scripts\imgui\imstb_truetype.h">
      <Filter>imgui</Filter>
    </ClInclude>
    <ClInclude Include="Scripts\Light\CircleShadow.h">
      <Filter>Light</Filter>
    </ClInclude>
    <ClInclude Include="Scripts\Light\Light.h">
      <Filter>Light</Filter>
    </ClInclude>
    <ClInclude Include="Scripts\Light\PointLight.h">
      <Filter>Light</Filter>
    </ClInclude>
    <ClInclude Include="Scripts\Light\SpotLight.h">
      <Filter>Light</Filter>
    </ClInclude>
    <ClInclude Include="Scripts\LoadStage\LoadStage.h">
      <Filter>LoadStage</Filter>
    </ClInclude>
    <ClInclude Include="Scripts\LoadStage\StageObject.h">
      <Filter>LoadStage</Filter>
    </ClInclude>
    <ClInclude Include="Scripts\MapLayout\MapLayout.h">
      <Filter>MapLayout</Filter>
    </ClInclude>
    <ClInclude Include="Scripts\Particle\Particle3D.h">
      <Filter>Particle</Filter>
    </ClInclude>
    <ClInclude Include="Scripts\Player\Seling.h">
      <Filter>Player</Filter>
    </ClInclude>
    <ClInclude Include="Scripts\PostEffect\PostEffect.h">
      <Filter>PostEffect</Filter>
    </ClInclude>
    <ClInclude Include="Scripts\RenderTarget\RenderTarget.h">
      <Filter>RenderTarget</Filter>
    </ClInclude>
    <ClInclude Include="Scripts\Shader\Shader.h">
      <Filter>Shader</Filter>
    </ClInclude>
    <ClInclude Include="Scripts\Shader\ShaderManager.h">
      <Filter>Shader</Filter>
    </ClInclude>
    <ClInclude Include="Scripts\Sound\Sound.h">
      <Filter>Sound</Filter>
    </ClInclude>
    <ClInclude Include="Scripts\Sprite\Sprite.h">
      <Filter>Sprite</Filter>
    </ClInclude>
    <ClInclude Include="Scripts\Sprite\SpriteCommon.h">
      <Filter>Sprite</Filter>
    </ClInclude>
    <ClInclude Include="Scripts\Texture\Texture.h">
      <Filter>Texture</Filter>
    </ClInclude>
    <ClInclude Include="Scripts\UDP\udp.h">
      <Filter>Udp</Filter>
    </ClInclude>
    <ClInclude Include="Scripts\VoiceUDPRecive\VoiceUDPRecive.h">
      <Filter>Udp</Filter>
    </ClInclude>
    <ClInclude Include="Scripts\VoiceUDPRecive\VoiceUDPSender.h">
      <Filter>Udp</Filter>
    </ClInclude>
    <ClInclude Include="Scripts\IpAddress\IpAddress.h">
      <Filter>Udp</Filter>
    </ClInclude>
    <ClInclude Include="Scripts\WaterFace\WaterFace.h">
      <Filter>WaterFace</Filter>
    </ClInclude>
    <ClInclude Include="Scripts\WindowsAPI\WinAPI.h">
      <Filter>WindowsAPI</Filter>
    </ClInclude>
    <ClInclude Include="Scripts\Rewired\Rewired.h">
      <Filter>BaseDirectx</Filter>
    </ClInclude>
    <ClInclude Include="Scripts\MenuUI\MenuUI.h">
      <Filter>MenuUI</Filter>
    </ClInclude>
  </ItemGroup>
  <ItemGroup>
    <ClCompile Include="Scripts\3DModel\Model.cpp">
      <Filter>3DModel</Filter>
    </ClCompile>
    <ClCompile Include="Scripts\BaseDirectX\BaseDirectX.cpp">
      <Filter>BaseDirectx</Filter>
    </ClCompile>
    <ClCompile Include="Scripts\BaseDirectX\DirectInput.cpp">
      <Filter>BaseDirectx</Filter>
    </ClCompile>
    <ClCompile Include="Scripts\BaseDirectX\Input.cpp">
      <Filter>BaseDirectx</Filter>
    </ClCompile>
    <ClCompile Include="Scripts\Camera\Camera.cpp">
      <Filter>Camera</Filter>
    </ClCompile>
    <ClCompile Include="Scripts\FbxLoader\FbxLoader.cpp">
      <Filter>FbxLoader</Filter>
    </ClCompile>
    <ClCompile Include="Scripts\FBXModel\FBXModel.cpp">
      <Filter>FBXModel</Filter>
    </ClCompile>
    <ClCompile Include="Scripts\FBXObject\FBXObject.cpp">
      <Filter>FBXObject</Filter>
    </ClCompile>
    <ClCompile Include="Scripts\BaseDirectX\GameScene.cpp">
      <Filter>GameScene</Filter>
    </ClCompile>
    <ClCompile Include="Scripts\imgui\imgui.cpp">
      <Filter>imgui</Filter>
    </ClCompile>
    <ClCompile Include="Scripts\imgui\imgui_demo.cpp">
      <Filter>imgui</Filter>
    </ClCompile>
    <ClCompile Include="Scripts\imgui\imgui_draw.cpp">
      <Filter>imgui</Filter>
    </ClCompile>
    <ClCompile Include="Scripts\imgui\imgui_impl_dx12.cpp">
      <Filter>imgui</Filter>
    </ClCompile>
    <ClCompile Include="Scripts\imgui\imgui_impl_win32.cpp">
      <Filter>imgui</Filter>
    </ClCompile>
    <ClCompile Include="Scripts\imgui\imgui_tables.cpp">
      <Filter>imgui</Filter>
    </ClCompile>
    <ClCompile Include="Scripts\imgui\imgui_widgets.cpp">
      <Filter>imgui</Filter>
    </ClCompile>
    <ClCompile Include="Scripts\imgui\ImguiControl.cpp">
      <Filter>imgui</Filter>
    </ClCompile>
    <ClCompile Include="Scripts\Light\Light.cpp">
      <Filter>Light</Filter>
    </ClCompile>
    <ClCompile Include="Scripts\LoadStage\LoadStage.cpp">
      <Filter>LoadStage</Filter>
    </ClCompile>
    <ClCompile Include="Scripts\LoadStage\StageObject.cpp">
      <Filter>LoadStage</Filter>
    </ClCompile>
    <ClCompile Include="Scripts\MapLayout\MapLayout.cpp">
      <Filter>MapLayout</Filter>
    </ClCompile>
    <ClCompile Include="Scripts\Particle\Particle3D.cpp">
      <Filter>Particle</Filter>
    </ClCompile>
    <ClCompile Include="Scripts\Player\Seling.cpp">
      <Filter>Player</Filter>
    </ClCompile>
    <ClCompile Include="Scripts\PostEffect\PostEffect.cpp">
      <Filter>PostEffect</Filter>
    </ClCompile>
    <ClCompile Include="Scripts\RenderTarget\RenderTarget.cpp">
      <Filter>RenderTarget</Filter>
    </ClCompile>
    <ClCompile Include="Scripts\Shader\Shader.cpp">
      <Filter>Shader</Filter>
    </ClCompile>
    <ClCompile Include="Scripts\Shader\ShaderManager.cpp">
      <Filter>Shader</Filter>
    </ClCompile>
    <ClCompile Include="Scripts\Sound\Sound.cpp">
      <Filter>Sound</Filter>
    </ClCompile>
    <ClCompile Include="Scripts\Sprite\Sprite.cpp">
      <Filter>Sprite</Filter>
    </ClCompile>
    <ClCompile Include="Scripts\Sprite\SpriteCommon.cpp">
      <Filter>Sprite</Filter>
    </ClCompile>
    <ClCompile Include="Scripts\Texture\Texture.cpp">
      <Filter>Texture</Filter>
    </ClCompile>
    <ClCompile Include="Scripts\UDP\udp.cpp">
      <Filter>Udp</Filter>
    </ClCompile>
    <ClCompile Include="Scripts\VoiceUDPRecive\VoiceUDPRecive.cpp">
      <Filter>Udp</Filter>
    </ClCompile>
    <ClCompile Include="Scripts\VoiceUDPRecive\VoiceUDPSender.cpp">
      <Filter>Udp</Filter>
    </ClCompile>
    <ClCompile Include="Scripts\IpAddress\IpAddress.cpp">
      <Filter>Udp</Filter>
    </ClCompile>
    <ClCompile Include="Scripts\WaterFace\WaterFace.cpp">
      <Filter>WaterFace</Filter>
    </ClCompile>
    <ClCompile Include="Scripts\WindowsAPI\WinAPI.cpp">
      <Filter>WindowsAPI</Filter>
    </ClCompile>
    <ClCompile Include="Scripts\main.cpp">
      <Filter>ソース ファイル</Filter>
    </ClCompile>
    <ClCompile Include="Scripts\Rewired\Rewired.cpp">
      <Filter>BaseDirectx</Filter>
    </ClCompile>
    <ClCompile Include="Scripts\MenuUI\MenuUI.cpp">
      <Filter>MenuUI</Filter>
    </ClCompile>
  </ItemGroup>
  <ItemGroup>
    <FxCompile Include="Resource\HLSL\OBJPixelShader.hlsl" />
    <FxCompile Include="Resource\HLSL\OBJVertexShader.hlsl" />
    <FxCompile Include="Resource\HLSL\PixelShader.hlsl" />
    <FxCompile Include="Resource\HLSL\SpritePixelShader.hlsl" />
    <FxCompile Include="Resource\HLSL\SpriteVertexShader.hlsl" />
    <FxCompile Include="Resource\HLSL\VertexShader.hlsl" />
    <FxCompile Include="Resource\HLSL\ParticleGS.hlsl" />
    <FxCompile Include="Resource\HLSL\ParticlePS.hlsl" />
    <FxCompile Include="Resource\HLSL\ParticleVS.hlsl" />
    <FxCompile Include="Resource\HLSL\WireFrameGS.hlsl" />
    <FxCompile Include="Resource\HLSL\peraVertex.hlsl" />
    <FxCompile Include="Resource\HLSL\PostEffectTestPS.hlsl" />
    <FxCompile Include="Resource\HLSL\PostEffectTestVS.hlsl" />
    <FxCompile Include="Resource\HLSL\FBXPS.hlsl" />
    <FxCompile Include="Resource\HLSL\FBXVS.hlsl" />
    <FxCompile Include="Resource\HLSL\OBJHS.hlsl" />
    <FxCompile Include="Resource\HLSL\PostBlurPS.hlsl" />
    <FxCompile Include="Resource\HLSL\PostMosaicPS.hlsl" />
    <FxCompile Include="Resource\HLSL\PostWaterPS.hlsl" />
    <FxCompile Include="Resource\HLSL\WaterSamplePS.hlsl" />
  </ItemGroup>
  <ItemGroup>
    <None Include="Resource\HLSL\BSH.hlsli" />
    <None Include="Resource\HLSL\OBJHeader.hlsli" />
    <None Include="Resource\HLSL\SpriteshaderHeader.hlsli" />
    <None Include="Resource\HLSL\Particle.hlsli" />
    <None Include="Resource\HLSL\peraHeader.hlsli" />
    <None Include="Resource\HLSL\PostEffectTest.hlsli" />
    <None Include="Resource\HLSL\FBX.hlsli" />
    <None Include="packages.config" />
  </ItemGroup>
</Project>